<Solution>
  <Folder Name="/.github/">
    <File Path=".github/copilot-instructions.md" />
  </Folder>
  <Folder Name="/Solution Items/">
    <File Path=".gitignore" />
    <File Path="README.md" />
  </Folder>
  <Project Path="CsvChecker/CsvChecker.csproj" />
  <Project Path="CvsChecker.Library/CvsChecker.Library.csproj" Id="86dc5cf4-ba1d-4e21-861d-19b14982a3cf" />
</Solution>
