<Solution>
  <Folder Name="/.github/">
    <File Path=".github/copilot-instructions.md" />
  </Folder>
  <Folder Name="/Solution Items/">
    <File Path=".gitignore" />
    <File Path="README.md" />
  </Folder>
  <Project Path="CsvChecker.Library/CsvChecker.Library.csproj" Id="f7a5ade3-4b6a-49e0-a7e0-d010036cea20" />
  <Project Path="CsvChecker/CsvChecker.csproj" />
</Solution>
